Microsoft Visual Studio Solution File, Format Version 11.00
# Visual Studio 2010
Project("{E097FAD1-6243-4DAD-9C02-E9B9EFC3FFC1}") = "Assembly-CSharp", "Assembly-CSharp.csproj", "{F2C31283-055D-74C8-E13A-82CCBFC8604B}"
EndProject
Project("{E097FAD1-6243-4DAD-9C02-E9B9EFC3FFC1}") = "Assembly-CSharp-Editor", "Assembly-CSharp-Editor.csproj", "{727497C8-2930-C35F-5B32-1C8AA4E871D5}"
EndProject
Global
	GlobalSection(SolutionConfigurationPlatforms) = preSolution
		Debug|Any CPU = Debug|Any CPU
		Release|Any CPU = Release|Any CPU
	EndGlobalSection
	GlobalSection(ProjectConfigurationPlatforms) = postSolution
		{F2C31283-055D-74C8-E13A-82CCBFC8604B}.Debug|Any CPU.ActiveCfg = Debug|Any CPU
		{F2C31283-055D-74C8-E13A-82CCBFC8604B}.Debug|Any CPU.Build.0 = Debug|Any CPU
		{F2C31283-055D-74C8-E13A-82CCBFC8604B}.Release|Any CPU.ActiveCfg = Release|Any CPU
		{F2C31283-055D-74C8-E13A-82CCBFC8604B}.Release|Any CPU.Build.0 = Release|Any CPU
		{727497C8-2930-C35F-5B32-1C8AA4E871D5}.Debug|Any CPU.ActiveCfg = Debug|Any CPU
		{727497C8-2930-C35F-5B32-1C8AA4E871D5}.Debug|Any CPU.Build.0 = Debug|Any CPU
		{727497C8-2930-C35F-5B32-1C8AA4E871D5}.Release|Any CPU.ActiveCfg = Release|Any CPU
		{727497C8-2930-C35F-5B32-1C8AA4E871D5}.Release|Any CPU.Build.0 = Release|Any CPU
	EndGlobalSection
	GlobalSection(SolutionProperties) = preSolution
		HideSolutionNode = FALSE
	EndGlobalSection
	GlobalSection(MonoDevelopProperties) = preSolution
		StartupItem = Assembly-CSharp.csproj
	EndGlobalSection
EndGlobal
